
Microsoft Visual Studio Solution File, Format Version 12.00
# Visual Studio Version 16
VisualStudioVersion = 16.0.32802.440
MinimumVisualStudioVersion = 10.0.40219.1
Project("{FAE04EC0-301F-11D3-BF4B-00C04F79EFBC}") = "ExamenFinal", "ExamenFinal\ExamenFinal.csproj", "{7D0F75B9-A4DE-40EA-A9FF-525F263FCFD1}"
EndProject
Global
	GlobalSection(SolutionConfigurationPlatforms) = preSolution
		Debug|Any CPU = Debug|Any CPU
		Release|Any CPU = Release|Any CPU
	EndGlobalSection
	GlobalSection(ProjectConfigurationPlatforms) = postSolution
		{7D0F75B9-A4DE-40EA-A9FF-525F263FCFD1}.Debug|Any CPU.ActiveCfg = Debug|Any CPU
		{7D0F75B9-A4DE-40EA-A9FF-525F263FCFD1}.Debug|Any CPU.Build.0 = Debug|Any CPU
		{7D0F75B9-A4DE-40EA-A9FF-525F263FCFD1}.Release|Any CPU.ActiveCfg = Release|Any CPU
		{7D0F75B9-A4DE-40EA-A9FF-525F263FCFD1}.Release|Any CPU.Build.0 = Release|Any CPU
	EndGlobalSection
	GlobalSection(SolutionProperties) = preSolution
		HideSolutionNode = FALSE
	EndGlobalSection
	GlobalSection(ExtensibilityGlobals) = postSolution
		SolutionGuid = {D73B0514-895E-4D02-A08D-911762C5217C}
	EndGlobalSection
EndGlobal
